
Microsoft Visual Studio Solution File, Format Version 12.00
# Visual Studio 14
VisualStudioVersion = 14.0.25420.1
MinimumVisualStudioVersion = 10.0.40219.1
Project("{2150E333-8FDC-42A3-9474-1A3956D46DE8}") = "Solution Items", "Solution Items", "{0FA49FD3-FCD0-41B2-8E32-A5763D40C97E}"
	ProjectSection(SolutionItems) = preProject
		readme.md = readme.md
	EndProjectSection
EndProject
Project("{FAE04EC0-301F-11D3-BF4B-00C04F79EFBC}") = "KirikiriTest", "KirikiriTest\KirikiriTest.csproj", "{144FB4F4-566E-49E4-A039-C4562FDE9207}"
EndProject
Project("{D954291E-2A0B-460D-934E-DC6B0785DB48}") = "KagSharp", "KagSharp\KagSharp.shproj", "{11E82DDA-9168-44DD-8F68-806DED443200}"
EndProject
Project("{FAE04EC0-301F-11D3-BF4B-00C04F79EFBC}") = "KagSharpWin32", "KagSharpWin32\KagSharpWin32.csproj", "{BB41B855-828E-468A-BC3D-05EFCD574C0D}"
EndProject
Project("{D954291E-2A0B-460D-934E-DC6B0785DB48}") = "Tjs2", "Tjs2\Tjs2.shproj", "{BE8EAF1D-A34E-4E5E-9363-A72090E9874E}"
EndProject
Project("{FAE04EC0-301F-11D3-BF4B-00C04F79EFBC}") = "Tjs2Win32", "Tjs2Win32\Tjs2Win32.csproj", "{37480026-F759-4936-B229-A5883664365D}"
EndProject
Project("{FAE04EC0-301F-11D3-BF4B-00C04F79EFBC}") = "Tjs2Uwp", "Tjs2Uwp\Tjs2Uwp.csproj", "{E163EF17-54B2-4430-AFBE-3F061181671F}"
EndProject
Global
	GlobalSection(SharedMSBuildProjectFiles) = preSolution
		KagSharp\KagSharp.projitems*{11e82dda-9168-44dd-8f68-806ded443200}*SharedItemsImports = 13
		Tjs2\Tjs2.projitems*{37480026-f759-4936-b229-a5883664365d}*SharedItemsImports = 4
		KagSharp\KagSharp.projitems*{bb41b855-828e-468a-bc3d-05efcd574c0d}*SharedItemsImports = 4
		Tjs2\Tjs2.projitems*{be8eaf1d-a34e-4e5e-9363-a72090e9874e}*SharedItemsImports = 13
		Tjs2\Tjs2.projitems*{e163ef17-54b2-4430-afbe-3f061181671f}*SharedItemsImports = 4
	EndGlobalSection
	GlobalSection(SolutionConfigurationPlatforms) = preSolution
		Debug|.NET = Debug|.NET
		Debug|Any CPU = Debug|Any CPU
		Debug|ARM = Debug|ARM
		Debug|UWP = Debug|UWP
		Debug|x64 = Debug|x64
		Debug|x86 = Debug|x86
		Release|.NET = Release|.NET
		Release|Any CPU = Release|Any CPU
		Release|ARM = Release|ARM
		Release|UWP = Release|UWP
		Release|x64 = Release|x64
		Release|x86 = Release|x86
	EndGlobalSection
	GlobalSection(ProjectConfigurationPlatforms) = postSolution
		{144FB4F4-566E-49E4-A039-C4562FDE9207}.Debug|.NET.ActiveCfg = Debug|Any CPU
		{144FB4F4-566E-49E4-A039-C4562FDE9207}.Debug|.NET.Build.0 = Debug|Any CPU
		{144FB4F4-566E-49E4-A039-C4562FDE9207}.Debug|Any CPU.ActiveCfg = Debug|Any CPU
		{144FB4F4-566E-49E4-A039-C4562FDE9207}.Debug|Any CPU.Build.0 = Debug|Any CPU
		{144FB4F4-566E-49E4-A039-C4562FDE9207}.Debug|ARM.ActiveCfg = Debug|Any CPU
		{144FB4F4-566E-49E4-A039-C4562FDE9207}.Debug|ARM.Build.0 = Debug|Any CPU
		{144FB4F4-566E-49E4-A039-C4562FDE9207}.Debug|UWP.ActiveCfg = Debug|Any CPU
		{144FB4F4-566E-49E4-A039-C4562FDE9207}.Debug|x64.ActiveCfg = Debug|Any CPU
		{144FB4F4-566E-49E4-A039-C4562FDE9207}.Debug|x64.Build.0 = Debug|Any CPU
		{144FB4F4-566E-49E4-A039-C4562FDE9207}.Debug|x86.ActiveCfg = Debug|Any CPU
		{144FB4F4-566E-49E4-A039-C4562FDE9207}.Debug|x86.Build.0 = Debug|Any CPU
		{144FB4F4-566E-49E4-A039-C4562FDE9207}.Release|.NET.ActiveCfg = Release|Any CPU
		{144FB4F4-566E-49E4-A039-C4562FDE9207}.Release|.NET.Build.0 = Release|Any CPU
		{144FB4F4-566E-49E4-A039-C4562FDE9207}.Release|Any CPU.ActiveCfg = Release|Any CPU
		{144FB4F4-566E-49E4-A039-C4562FDE9207}.Release|Any CPU.Build.0 = Release|Any CPU
		{144FB4F4-566E-49E4-A039-C4562FDE9207}.Release|ARM.ActiveCfg = Release|Any CPU
		{144FB4F4-566E-49E4-A039-C4562FDE9207}.Release|ARM.Build.0 = Release|Any CPU
		{144FB4F4-566E-49E4-A039-C4562FDE9207}.Release|UWP.ActiveCfg = Release|Any CPU
		{144FB4F4-566E-49E4-A039-C4562FDE9207}.Release|x64.ActiveCfg = Release|Any CPU
		{144FB4F4-566E-49E4-A039-C4562FDE9207}.Release|x64.Build.0 = Release|Any CPU
		{144FB4F4-566E-49E4-A039-C4562FDE9207}.Release|x86.ActiveCfg = Release|Any CPU
		{144FB4F4-566E-49E4-A039-C4562FDE9207}.Release|x86.Build.0 = Release|Any CPU
		{BB41B855-828E-468A-BC3D-05EFCD574C0D}.Debug|.NET.ActiveCfg = Debug|Any CPU
		{BB41B855-828E-468A-BC3D-05EFCD574C0D}.Debug|.NET.Build.0 = Debug|Any CPU
		{BB41B855-828E-468A-BC3D-05EFCD574C0D}.Debug|Any CPU.ActiveCfg = Debug|Any CPU
		{BB41B855-828E-468A-BC3D-05EFCD574C0D}.Debug|Any CPU.Build.0 = Debug|Any CPU
		{BB41B855-828E-468A-BC3D-05EFCD574C0D}.Debug|ARM.ActiveCfg = Debug|Any CPU
		{BB41B855-828E-468A-BC3D-05EFCD574C0D}.Debug|ARM.Build.0 = Debug|Any CPU
		{BB41B855-828E-468A-BC3D-05EFCD574C0D}.Debug|UWP.ActiveCfg = Debug|Any CPU
		{BB41B855-828E-468A-BC3D-05EFCD574C0D}.Debug|x64.ActiveCfg = Debug|Any CPU
		{BB41B855-828E-468A-BC3D-05EFCD574C0D}.Debug|x64.Build.0 = Debug|Any CPU
		{BB41B855-828E-468A-BC3D-05EFCD574C0D}.Debug|x86.ActiveCfg = Debug|Any CPU
		{BB41B855-828E-468A-BC3D-05EFCD574C0D}.Debug|x86.Build.0 = Debug|Any CPU
		{BB41B855-828E-468A-BC3D-05EFCD574C0D}.Release|.NET.ActiveCfg = Release|Any CPU
		{BB41B855-828E-468A-BC3D-05EFCD574C0D}.Release|.NET.Build.0 = Release|Any CPU
		{BB41B855-828E-468A-BC3D-05EFCD574C0D}.Release|Any CPU.ActiveCfg = Release|Any CPU
		{BB41B855-828E-468A-BC3D-05EFCD574C0D}.Release|Any CPU.Build.0 = Release|Any CPU
		{BB41B855-828E-468A-BC3D-05EFCD574C0D}.Release|ARM.ActiveCfg = Release|Any CPU
		{BB41B855-828E-468A-BC3D-05EFCD574C0D}.Release|ARM.Build.0 = Release|Any CPU
		{BB41B855-828E-468A-BC3D-05EFCD574C0D}.Release|UWP.ActiveCfg = Release|Any CPU
		{BB41B855-828E-468A-BC3D-05EFCD574C0D}.Release|x64.ActiveCfg = Release|Any CPU
		{BB41B855-828E-468A-BC3D-05EFCD574C0D}.Release|x64.Build.0 = Release|Any CPU
		{BB41B855-828E-468A-BC3D-05EFCD574C0D}.Release|x86.ActiveCfg = Release|Any CPU
		{BB41B855-828E-468A-BC3D-05EFCD574C0D}.Release|x86.Build.0 = Release|Any CPU
		{37480026-F759-4936-B229-A5883664365D}.Debug|.NET.ActiveCfg = Debug|Any CPU
		{37480026-F759-4936-B229-A5883664365D}.Debug|.NET.Build.0 = Debug|Any CPU
		{37480026-F759-4936-B229-A5883664365D}.Debug|Any CPU.ActiveCfg = Debug|Any CPU
		{37480026-F759-4936-B229-A5883664365D}.Debug|Any CPU.Build.0 = Debug|Any CPU
		{37480026-F759-4936-B229-A5883664365D}.Debug|ARM.ActiveCfg = Debug|Any CPU
		{37480026-F759-4936-B229-A5883664365D}.Debug|ARM.Build.0 = Debug|Any CPU
		{37480026-F759-4936-B229-A5883664365D}.Debug|UWP.ActiveCfg = Debug|Any CPU
		{37480026-F759-4936-B229-A5883664365D}.Debug|x64.ActiveCfg = Debug|Any CPU
		{37480026-F759-4936-B229-A5883664365D}.Debug|x64.Build.0 = Debug|Any CPU
		{37480026-F759-4936-B229-A5883664365D}.Debug|x86.ActiveCfg = Debug|Any CPU
		{37480026-F759-4936-B229-A5883664365D}.Debug|x86.Build.0 = Debug|Any CPU
		{37480026-F759-4936-B229-A5883664365D}.Release|.NET.ActiveCfg = Release|Any CPU
		{37480026-F759-4936-B229-A5883664365D}.Release|.NET.Build.0 = Release|Any CPU
		{37480026-F759-4936-B229-A5883664365D}.Release|Any CPU.ActiveCfg = Release|Any CPU
		{37480026-F759-4936-B229-A5883664365D}.Release|Any CPU.Build.0 = Release|Any CPU
		{37480026-F759-4936-B229-A5883664365D}.Release|ARM.ActiveCfg = Release|Any CPU
		{37480026-F759-4936-B229-A5883664365D}.Release|ARM.Build.0 = Release|Any CPU
		{37480026-F759-4936-B229-A5883664365D}.Release|UWP.ActiveCfg = Release|Any CPU
		{37480026-F759-4936-B229-A5883664365D}.Release|x64.ActiveCfg = Release|Any CPU
		{37480026-F759-4936-B229-A5883664365D}.Release|x64.Build.0 = Release|Any CPU
		{37480026-F759-4936-B229-A5883664365D}.Release|x86.ActiveCfg = Release|Any CPU
		{37480026-F759-4936-B229-A5883664365D}.Release|x86.Build.0 = Release|Any CPU
		{E163EF17-54B2-4430-AFBE-3F061181671F}.Debug|.NET.ActiveCfg = Debug|Any CPU
		{E163EF17-54B2-4430-AFBE-3F061181671F}.Debug|Any CPU.ActiveCfg = Debug|Any CPU
		{E163EF17-54B2-4430-AFBE-3F061181671F}.Debug|Any CPU.Build.0 = Debug|Any CPU
		{E163EF17-54B2-4430-AFBE-3F061181671F}.Debug|ARM.ActiveCfg = Debug|ARM
		{E163EF17-54B2-4430-AFBE-3F061181671F}.Debug|ARM.Build.0 = Debug|ARM
		{E163EF17-54B2-4430-AFBE-3F061181671F}.Debug|UWP.ActiveCfg = Debug|Any CPU
		{E163EF17-54B2-4430-AFBE-3F061181671F}.Debug|UWP.Build.0 = Debug|Any CPU
		{E163EF17-54B2-4430-AFBE-3F061181671F}.Debug|x64.ActiveCfg = Debug|x64
		{E163EF17-54B2-4430-AFBE-3F061181671F}.Debug|x64.Build.0 = Debug|x64
		{E163EF17-54B2-4430-AFBE-3F061181671F}.Debug|x86.ActiveCfg = Debug|x86
		{E163EF17-54B2-4430-AFBE-3F061181671F}.Debug|x86.Build.0 = Debug|x86
		{E163EF17-54B2-4430-AFBE-3F061181671F}.Release|.NET.ActiveCfg = Release|Any CPU
		{E163EF17-54B2-4430-AFBE-3F061181671F}.Release|Any CPU.ActiveCfg = Release|Any CPU
		{E163EF17-54B2-4430-AFBE-3F061181671F}.Release|Any CPU.Build.0 = Release|Any CPU
		{E163EF17-54B2-4430-AFBE-3F061181671F}.Release|ARM.ActiveCfg = Release|ARM
		{E163EF17-54B2-4430-AFBE-3F061181671F}.Release|ARM.Build.0 = Release|ARM
		{E163EF17-54B2-4430-AFBE-3F061181671F}.Release|UWP.ActiveCfg = Release|Any CPU
		{E163EF17-54B2-4430-AFBE-3F061181671F}.Release|UWP.Build.0 = Release|Any CPU
		{E163EF17-54B2-4430-AFBE-3F061181671F}.Release|x64.ActiveCfg = Release|x64
		{E163EF17-54B2-4430-AFBE-3F061181671F}.Release|x64.Build.0 = Release|x64
		{E163EF17-54B2-4430-AFBE-3F061181671F}.Release|x86.ActiveCfg = Release|x86
		{E163EF17-54B2-4430-AFBE-3F061181671F}.Release|x86.Build.0 = Release|x86
	EndGlobalSection
	GlobalSection(SolutionProperties) = preSolution
		HideSolutionNode = FALSE
	EndGlobalSection
EndGlobal
